{
    "name": "agent",
    "version": "1.0.0",
    "lockfileVersion": 3,
    "requires": true,
    "packages": {
        "": {
            "name": "agent",
            "version": "1.0.0",
            "license": "ISC",
            "dependencies": {
                "dotenv": "^17.2.3",
                "undici": "^7.22.0"
            }
        },
        "node_modules/dotenv": {
            "version": "17.2.3",
            "resolved": "https://registry.npmmirror.com/dotenv/-/dotenv-17.2.3.tgz",
            "integrity": "sha512-JVUnt+DUIzu87TABbhPmNfVdBDt18BLOWjMUFJMSi/Qqg7NTYtabbvSNJGOJ7afbRuv9D/lngizHtP7QyLQ+9w==",
            "license": "BSD-2-Clause",
            "engines": {
                "node": ">=12"
            },
            "funding": {
                "url": "https://dotenvx.com"
            }
        },
        "node_modules/undici": {
            "version": "7.22.0",
            "resolved": "https://registry.npmmirror.com/undici/-/undici-7.22.0.tgz",
            "integrity": "sha512-RqslV2Us5BrllB+JeiZnK4peryVTndy9Dnqq62S3yYRRTj0tFQCwEniUy2167skdGOy3vqRzEvl1Dm4sV2ReDg==",
            "license": "MIT",
            "engines": {
                "node": ">=20.18.1"
            }
        }
    }
}
